
Microsoft Visual Studio Solution File, Format Version 12.00
# Visual Studio 15
VisualStudioVersion = 15.0.27130.2020
MinimumVisualStudioVersion = 10.0.40219.1
Project("{9A19103F-16F7-4668-BE54-9A1E7A4F7556}") = "TaskApi", "TaskApi\TaskApi.csproj", "{0E088E2C-058E-4E36-B2A5-4994B26C5889}"
EndProject
Project("{9A19103F-16F7-4668-BE54-9A1E7A4F7556}") = "TaskApi.Test", "TaskApi.Test\TaskApi.Test.csproj", "{0DC31136-D486-4ADE-916F-64DAF55718A7}"
EndProject
Project("{FAE04EC0-301F-11D3-BF4B-00C04F79EFBC}") = "TaskApi.Perf.Test", "TaskApi.Perf.Test\TaskApi.Perf.Test.csproj", "{8991F64F-211A-4093-BBDF-FDFB68B65C76}"
EndProject
Global
	GlobalSection(SolutionConfigurationPlatforms) = preSolution
		Debug|Any CPU = Debug|Any CPU
		Release|Any CPU = Release|Any CPU
	EndGlobalSection
	GlobalSection(ProjectConfigurationPlatforms) = postSolution
		{0E088E2C-058E-4E36-B2A5-4994B26C5889}.Debug|Any CPU.ActiveCfg = Debug|Any CPU
		{0E088E2C-058E-4E36-B2A5-4994B26C5889}.Debug|Any CPU.Build.0 = Debug|Any CPU
		{0E088E2C-058E-4E36-B2A5-4994B26C5889}.Release|Any CPU.ActiveCfg = Release|Any CPU
		{0E088E2C-058E-4E36-B2A5-4994B26C5889}.Release|Any CPU.Build.0 = Release|Any CPU
		{0DC31136-D486-4ADE-916F-64DAF55718A7}.Debug|Any CPU.ActiveCfg = Debug|Any CPU
		{0DC31136-D486-4ADE-916F-64DAF55718A7}.Debug|Any CPU.Build.0 = Debug|Any CPU
		{0DC31136-D486-4ADE-916F-64DAF55718A7}.Release|Any CPU.ActiveCfg = Release|Any CPU
		{0DC31136-D486-4ADE-916F-64DAF55718A7}.Release|Any CPU.Build.0 = Release|Any CPU
		{8991F64F-211A-4093-BBDF-FDFB68B65C76}.Debug|Any CPU.ActiveCfg = Debug|Any CPU
		{8991F64F-211A-4093-BBDF-FDFB68B65C76}.Debug|Any CPU.Build.0 = Debug|Any CPU
		{8991F64F-211A-4093-BBDF-FDFB68B65C76}.Release|Any CPU.ActiveCfg = Release|Any CPU
		{8991F64F-211A-4093-BBDF-FDFB68B65C76}.Release|Any CPU.Build.0 = Release|Any CPU
	EndGlobalSection
	GlobalSection(SolutionProperties) = preSolution
		HideSolutionNode = FALSE
	EndGlobalSection
	GlobalSection(ExtensibilityGlobals) = postSolution
		SolutionGuid = {B17FFAF6-A825-46B9-A224-5028CC237843}
	EndGlobalSection
EndGlobal
